
Microsoft Visual Studio Solution File, Format Version 12.00
# Visual Studio Version 16
VisualStudioVersion = 16.0.31410.357
MinimumVisualStudioVersion = 10.0.40219.1
Project("{FAE04EC0-301F-11D3-BF4B-00C04F79EFBC}") = "Employee_program", "Employee_program\Employee_program.csproj", "{2B3EFB6C-46A0-46FA-BD37-9DC6B5DAAA23}"
EndProject
Global
	GlobalSection(SolutionConfigurationPlatforms) = preSolution
		Debug|Any CPU = Debug|Any CPU
		Release|Any CPU = Release|Any CPU
	EndGlobalSection
	GlobalSection(ProjectConfigurationPlatforms) = postSolution
		{2B3EFB6C-46A0-46FA-BD37-9DC6B5DAAA23}.Debug|Any CPU.ActiveCfg = Debug|Any CPU
		{2B3EFB6C-46A0-46FA-BD37-9DC6B5DAAA23}.Debug|Any CPU.Build.0 = Debug|Any CPU
		{2B3EFB6C-46A0-46FA-BD37-9DC6B5DAAA23}.Release|Any CPU.ActiveCfg = Release|Any CPU
		{2B3EFB6C-46A0-46FA-BD37-9DC6B5DAAA23}.Release|Any CPU.Build.0 = Release|Any CPU
	EndGlobalSection
	GlobalSection(SolutionProperties) = preSolution
		HideSolutionNode = FALSE
	EndGlobalSection
	GlobalSection(ExtensibilityGlobals) = postSolution
		SolutionGuid = {39FD0CBF-195F-41B0-859B-642B12EE0C96}
	EndGlobalSection
EndGlobal
